
Microsoft Visual Studio Solution File, Format Version 12.00
# Visual Studio 15
VisualStudioVersion = 15.0.28307.572
MinimumVisualStudioVersion = 10.0.40219.1
Project("{9A19103F-16F7-4668-BE54-9A1E7A4F7556}") = "PoweredSoft.Docker.MysqlBackup", "PoweredSoft.Docker.MysqlBackup\PoweredSoft.Docker.MysqlBackup.csproj", "{30D89EC9-DDCB-4BC8-A07F-F9BB50BB6A1C}"
EndProject
Project("{E53339B2-1760-4266-BCC7-CA923CBCF16C}") = "docker-compose", "docker-compose.dcproj", "{873A9032-672D-4C82-AB28-029184720D37}"
EndProject
Global
	GlobalSection(SolutionConfigurationPlatforms) = preSolution
		Debug|Any CPU = Debug|Any CPU
		Release|Any CPU = Release|Any CPU
	EndGlobalSection
	GlobalSection(ProjectConfigurationPlatforms) = postSolution
		{30D89EC9-DDCB-4BC8-A07F-F9BB50BB6A1C}.Debug|Any CPU.ActiveCfg = Debug|Any CPU
		{30D89EC9-DDCB-4BC8-A07F-F9BB50BB6A1C}.Debug|Any CPU.Build.0 = Debug|Any CPU
		{30D89EC9-DDCB-4BC8-A07F-F9BB50BB6A1C}.Release|Any CPU.ActiveCfg = Release|Any CPU
		{30D89EC9-DDCB-4BC8-A07F-F9BB50BB6A1C}.Release|Any CPU.Build.0 = Release|Any CPU
		{873A9032-672D-4C82-AB28-029184720D37}.Debug|Any CPU.ActiveCfg = Debug|Any CPU
		{873A9032-672D-4C82-AB28-029184720D37}.Debug|Any CPU.Build.0 = Debug|Any CPU
		{873A9032-672D-4C82-AB28-029184720D37}.Release|Any CPU.ActiveCfg = Release|Any CPU
		{873A9032-672D-4C82-AB28-029184720D37}.Release|Any CPU.Build.0 = Release|Any CPU
	EndGlobalSection
	GlobalSection(SolutionProperties) = preSolution
		HideSolutionNode = FALSE
	EndGlobalSection
	GlobalSection(ExtensibilityGlobals) = postSolution
		SolutionGuid = {189E8669-5CCB-49F2-804A-3E142ADAAD49}
	EndGlobalSection
EndGlobal
